
Microsoft Visual Studio Solution File, Format Version 12.00
# Visual Studio Version 17
VisualStudioVersion = 17.4.33403.182
MinimumVisualStudioVersion = 10.0.40219.1
Project("{FAE04EC0-301F-11D3-BF4B-00C04F79EFBC}") = "QuanLiSV", "QuanLiSV\QuanLiSV.csproj", "{6B37C4A3-CD76-49E7-94E0-F18E911E516E}"
EndProject
Global
	GlobalSection(SolutionConfigurationPlatforms) = preSolution
		Debug|Any CPU = Debug|Any CPU
		Release|Any CPU = Release|Any CPU
	EndGlobalSection
	GlobalSection(ProjectConfigurationPlatforms) = postSolution
		{6B37C4A3-CD76-49E7-94E0-F18E911E516E}.Debug|Any CPU.ActiveCfg = Debug|Any CPU
		{6B37C4A3-CD76-49E7-94E0-F18E911E516E}.Debug|Any CPU.Build.0 = Debug|Any CPU
		{6B37C4A3-CD76-49E7-94E0-F18E911E516E}.Release|Any CPU.ActiveCfg = Release|Any CPU
		{6B37C4A3-CD76-49E7-94E0-F18E911E516E}.Release|Any CPU.Build.0 = Release|Any CPU
	EndGlobalSection
	GlobalSection(SolutionProperties) = preSolution
		HideSolutionNode = FALSE
	EndGlobalSection
	GlobalSection(ExtensibilityGlobals) = postSolution
		SolutionGuid = {379CB45B-5297-409A-A3FD-15867D0080C0}
	EndGlobalSection
EndGlobal
